
Microsoft Visual Studio Solution File, Format Version 12.00
# Visual Studio 15
Project("{FAE04EC0-301F-11D3-BF4B-00C04F79EFBC}") = "StackQA2XF.Android", "StackQA2XF.Android\StackQA2XF.Android.csproj", "{E90D1709-DEF5-4B96-BB76-7403B2DC8590}"
EndProject
Project("{FAE04EC0-301F-11D3-BF4B-00C04F79EFBC}") = "StackQA2XF.iOS", "StackQA2XF.iOS\StackQA2XF.iOS.csproj", "{E55D12B1-FB9C-4989-9BC2-C71DB57DFAFE}"
EndProject
Project("{FAE04EC0-301F-11D3-BF4B-00C04F79EFBC}") = "StackQA2XF", "StackQA2XF\StackQA2XF.csproj", "{2B743776-E964-465D-A14B-E597C842B479}"
EndProject
Global
	GlobalSection(SolutionConfigurationPlatforms) = preSolution
		Debug|Any CPU = Debug|Any CPU
		Release|Any CPU = Release|Any CPU
		Debug|iPhoneSimulator = Debug|iPhoneSimulator
		Release|iPhoneSimulator = Release|iPhoneSimulator
		Debug|iPhone = Debug|iPhone
		Release|iPhone = Release|iPhone
	EndGlobalSection
	GlobalSection(ProjectConfigurationPlatforms) = postSolution
		{E90D1709-DEF5-4B96-BB76-7403B2DC8590}.Debug|Any CPU.ActiveCfg = Debug|Any CPU
		{E90D1709-DEF5-4B96-BB76-7403B2DC8590}.Debug|Any CPU.Build.0 = Debug|Any CPU
		{E90D1709-DEF5-4B96-BB76-7403B2DC8590}.Release|Any CPU.ActiveCfg = Release|Any CPU
		{E90D1709-DEF5-4B96-BB76-7403B2DC8590}.Release|Any CPU.Build.0 = Release|Any CPU
		{E90D1709-DEF5-4B96-BB76-7403B2DC8590}.Debug|iPhoneSimulator.ActiveCfg = Debug|Any CPU
		{E90D1709-DEF5-4B96-BB76-7403B2DC8590}.Debug|iPhoneSimulator.Build.0 = Debug|Any CPU
		{E90D1709-DEF5-4B96-BB76-7403B2DC8590}.Release|iPhoneSimulator.ActiveCfg = Release|Any CPU
		{E90D1709-DEF5-4B96-BB76-7403B2DC8590}.Release|iPhoneSimulator.Build.0 = Release|Any CPU
		{E90D1709-DEF5-4B96-BB76-7403B2DC8590}.Debug|iPhone.ActiveCfg = Debug|Any CPU
		{E90D1709-DEF5-4B96-BB76-7403B2DC8590}.Debug|iPhone.Build.0 = Debug|Any CPU
		{E90D1709-DEF5-4B96-BB76-7403B2DC8590}.Release|iPhone.ActiveCfg = Release|Any CPU
		{E90D1709-DEF5-4B96-BB76-7403B2DC8590}.Release|iPhone.Build.0 = Release|Any CPU
		{E55D12B1-FB9C-4989-9BC2-C71DB57DFAFE}.Debug|Any CPU.ActiveCfg = Debug|iPhoneSimulator
		{E55D12B1-FB9C-4989-9BC2-C71DB57DFAFE}.Release|Any CPU.ActiveCfg = Release|iPhoneSimulator
		{E55D12B1-FB9C-4989-9BC2-C71DB57DFAFE}.Release|Any CPU.Build.0 = Release|iPhoneSimulator
		{E55D12B1-FB9C-4989-9BC2-C71DB57DFAFE}.Debug|iPhoneSimulator.ActiveCfg = Debug|iPhoneSimulator
		{E55D12B1-FB9C-4989-9BC2-C71DB57DFAFE}.Debug|iPhoneSimulator.Build.0 = Debug|iPhoneSimulator
		{E55D12B1-FB9C-4989-9BC2-C71DB57DFAFE}.Release|iPhoneSimulator.ActiveCfg = Release|iPhoneSimulator
		{E55D12B1-FB9C-4989-9BC2-C71DB57DFAFE}.Release|iPhoneSimulator.Build.0 = Release|iPhoneSimulator
		{E55D12B1-FB9C-4989-9BC2-C71DB57DFAFE}.Debug|iPhone.ActiveCfg = Debug|iPhone
		{E55D12B1-FB9C-4989-9BC2-C71DB57DFAFE}.Debug|iPhone.Build.0 = Debug|iPhone
		{E55D12B1-FB9C-4989-9BC2-C71DB57DFAFE}.Release|iPhone.ActiveCfg = Release|iPhone
		{E55D12B1-FB9C-4989-9BC2-C71DB57DFAFE}.Release|iPhone.Build.0 = Release|iPhone
		{2B743776-E964-465D-A14B-E597C842B479}.Debug|Any CPU.ActiveCfg = Debug|Any CPU
		{2B743776-E964-465D-A14B-E597C842B479}.Debug|Any CPU.Build.0 = Debug|Any CPU
		{2B743776-E964-465D-A14B-E597C842B479}.Release|Any CPU.ActiveCfg = Release|Any CPU
		{2B743776-E964-465D-A14B-E597C842B479}.Release|Any CPU.Build.0 = Release|Any CPU
		{2B743776-E964-465D-A14B-E597C842B479}.Debug|iPhoneSimulator.ActiveCfg = Debug|Any CPU
		{2B743776-E964-465D-A14B-E597C842B479}.Debug|iPhoneSimulator.Build.0 = Debug|Any CPU
		{2B743776-E964-465D-A14B-E597C842B479}.Release|iPhoneSimulator.ActiveCfg = Release|Any CPU
		{2B743776-E964-465D-A14B-E597C842B479}.Release|iPhoneSimulator.Build.0 = Release|Any CPU
		{2B743776-E964-465D-A14B-E597C842B479}.Debug|iPhone.ActiveCfg = Debug|Any CPU
		{2B743776-E964-465D-A14B-E597C842B479}.Debug|iPhone.Build.0 = Debug|Any CPU
		{2B743776-E964-465D-A14B-E597C842B479}.Release|iPhone.ActiveCfg = Release|Any CPU
		{2B743776-E964-465D-A14B-E597C842B479}.Release|iPhone.Build.0 = Release|Any CPU
	EndGlobalSection
EndGlobal
